
Microsoft Visual Studio Solution File, Format Version 12.00
# Visual Studio Version 17
VisualStudioVersion = 17.9.34728.123
MinimumVisualStudioVersion = 10.0.40219.1
Project("{FAE04EC0-301F-11D3-BF4B-00C04F79EFBC}") = "Ngupy_NgulakKopy", "Ngupy_NgulakKopy.csproj", "{FCCF54E3-7223-4130-BB5C-9E33940CA784}"
EndProject
Global
	GlobalSection(SolutionConfigurationPlatforms) = preSolution
		Debug|Any CPU = Debug|Any CPU
		Release|Any CPU = Release|Any CPU
	EndGlobalSection
	GlobalSection(ProjectConfigurationPlatforms) = postSolution
		{FCCF54E3-7223-4130-BB5C-9E33940CA784}.Debug|Any CPU.ActiveCfg = Debug|Any CPU
		{FCCF54E3-7223-4130-BB5C-9E33940CA784}.Debug|Any CPU.Build.0 = Debug|Any CPU
		{FCCF54E3-7223-4130-BB5C-9E33940CA784}.Release|Any CPU.ActiveCfg = Release|Any CPU
		{FCCF54E3-7223-4130-BB5C-9E33940CA784}.Release|Any CPU.Build.0 = Release|Any CPU
	EndGlobalSection
	GlobalSection(SolutionProperties) = preSolution
		HideSolutionNode = FALSE
	EndGlobalSection
	GlobalSection(ExtensibilityGlobals) = postSolution
		SolutionGuid = {02B1EF9C-BC4F-4EA6-9111-A7117FCDEDEB}
	EndGlobalSection
EndGlobal
